
Microsoft Visual Studio Solution File, Format Version 12.00
# Visual Studio 15
VisualStudioVersion = 15.0.28307.136
MinimumVisualStudioVersion = 10.0.40219.1
Project("{FAE04EC0-301F-11D3-BF4B-00C04F79EFBC}") = "ImapClientDemo", "ImapClientDemo\ImapClientDemo.csproj", "{4E163AA3-C326-4BFC-B37D-04757280AE76}"
EndProject
Global
	GlobalSection(SolutionConfigurationPlatforms) = preSolution
		Debug|Any CPU = Debug|Any CPU
		Release|Any CPU = Release|Any CPU
	EndGlobalSection
	GlobalSection(ProjectConfigurationPlatforms) = postSolution
		{4E163AA3-C326-4BFC-B37D-04757280AE76}.Debug|Any CPU.ActiveCfg = Debug|Any CPU
		{4E163AA3-C326-4BFC-B37D-04757280AE76}.Debug|Any CPU.Build.0 = Debug|Any CPU
		{4E163AA3-C326-4BFC-B37D-04757280AE76}.Release|Any CPU.ActiveCfg = Release|Any CPU
		{4E163AA3-C326-4BFC-B37D-04757280AE76}.Release|Any CPU.Build.0 = Release|Any CPU
	EndGlobalSection
	GlobalSection(SolutionProperties) = preSolution
		HideSolutionNode = FALSE
	EndGlobalSection
	GlobalSection(ExtensibilityGlobals) = postSolution
		SolutionGuid = {0D86C2F7-C9B8-4FA7-82D6-888E17CAB492}
	EndGlobalSection
EndGlobal
