
Microsoft Visual Studio Solution File, Format Version 12.00
# Visual Studio Version 16
VisualStudioVersion = 16.0.30114.105
MinimumVisualStudioVersion = 10.0.40219.1
Project("{2150E333-8FDC-42A3-9474-1A3956D46DE8}") = "Solution Items", "Solution Items", "{D5001AA9-4C61-475F-8EA3-4C15949D849F}"
	ProjectSection(SolutionItems) = preProject
		.editorconfig = .editorconfig
	EndProjectSection
EndProject
Project("{9A19103F-16F7-4668-BE54-9A1E7A4F7556}") = "MimeKit", "submodules\MimeKit\MimeKit\MimeKit.csproj", "{B0E5B7C4-710E-4DDE-9C00-1234844ADA76}"
EndProject
Project("{9A19103F-16F7-4668-BE54-9A1E7A4F7556}") = "MailKit", "MailKit\MailKit.csproj", "{12F096E4-8CDC-4D5B-87B8-8AD71A3B5BED}"
EndProject
Project("{FAE04EC0-301F-11D3-BF4B-00C04F79EFBC}") = "Mono.Data.Sqlite", "submodules\MimeKit\Mono.Data.Sqlite\Mono.Data.Sqlite.csproj", "{F26434C1-BA3D-41FB-B560-C009CB72B1B6}"
EndProject
Project("{9A19103F-16F7-4668-BE54-9A1E7A4F7556}") = "UnitTests", "UnitTests\UnitTests.csproj", "{1B670279-AEA7-4D9B-A854-CB4CC177B277}"
EndProject
Global
	GlobalSection(SolutionConfigurationPlatforms) = preSolution
		Debug|Any CPU = Debug|Any CPU
		Release|Any CPU = Release|Any CPU
	EndGlobalSection
	GlobalSection(ProjectConfigurationPlatforms) = postSolution
		{B0E5B7C4-710E-4DDE-9C00-1234844ADA76}.Debug|Any CPU.ActiveCfg = Debug|Any CPU
		{B0E5B7C4-710E-4DDE-9C00-1234844ADA76}.Debug|Any CPU.Build.0 = Debug|Any CPU
		{B0E5B7C4-710E-4DDE-9C00-1234844ADA76}.Release|Any CPU.ActiveCfg = Release|Any CPU
		{B0E5B7C4-710E-4DDE-9C00-1234844ADA76}.Release|Any CPU.Build.0 = Release|Any CPU
		{12F096E4-8CDC-4D5B-87B8-8AD71A3B5BED}.Debug|Any CPU.ActiveCfg = Debug|Any CPU
		{12F096E4-8CDC-4D5B-87B8-8AD71A3B5BED}.Debug|Any CPU.Build.0 = Debug|Any CPU
		{12F096E4-8CDC-4D5B-87B8-8AD71A3B5BED}.Release|Any CPU.ActiveCfg = Release|Any CPU
		{12F096E4-8CDC-4D5B-87B8-8AD71A3B5BED}.Release|Any CPU.Build.0 = Release|Any CPU
		{F26434C1-BA3D-41FB-B560-C009CB72B1B6}.Debug|Any CPU.ActiveCfg = Debug|Any CPU
		{F26434C1-BA3D-41FB-B560-C009CB72B1B6}.Debug|Any CPU.Build.0 = Debug|Any CPU
		{F26434C1-BA3D-41FB-B560-C009CB72B1B6}.Release|Any CPU.ActiveCfg = Release|Any CPU
		{F26434C1-BA3D-41FB-B560-C009CB72B1B6}.Release|Any CPU.Build.0 = Release|Any CPU
		{1B670279-AEA7-4D9B-A854-CB4CC177B277}.Debug|Any CPU.ActiveCfg = Debug|Any CPU
		{1B670279-AEA7-4D9B-A854-CB4CC177B277}.Debug|Any CPU.Build.0 = Debug|Any CPU
		{1B670279-AEA7-4D9B-A854-CB4CC177B277}.Release|Any CPU.ActiveCfg = Release|Any CPU
		{1B670279-AEA7-4D9B-A854-CB4CC177B277}.Release|Any CPU.Build.0 = Release|Any CPU
	EndGlobalSection
	GlobalSection(SolutionProperties) = preSolution
		HideSolutionNode = FALSE
	EndGlobalSection
	GlobalSection(ExtensibilityGlobals) = postSolution
		SolutionGuid = {80311676-045A-4523-8BD6-AEAD1F21474C}
	EndGlobalSection
EndGlobal
