
Microsoft Visual Studio Solution File, Format Version 12.00
# Visual Studio 2013
VisualStudioVersion = 12.0.31101.0
MinimumVisualStudioVersion = 10.0.40219.1
Project("{2150E333-8FDC-42A3-9474-1A3956D46DE8}") = ".nuget", ".nuget", "{4A6A8CCE-EBB9-4F3E-823E-4AF7914EB03D}"
	ProjectSection(SolutionItems) = preProject
		.nuget\packages.config = .nuget\packages.config
	EndProjectSection
EndProject
Project("{FAE04EC0-301F-11D3-BF4B-00C04F79EFBC}") = "Portable.Text.Encoding.WindowsUniversal81", "submodules\MimeKit\submodules\Portable.Text.Encoding\Portable.Text.Encoding\Portable.Text.Encoding.WindowsUniversal81.csproj", "{B76A64F9-B00E-4243-AE89-5D024CA3B436}"
EndProject
Project("{FAE04EC0-301F-11D3-BF4B-00C04F79EFBC}") = "MimeKit.WindowsUniversal81", "submodules\MimeKit\MimeKit\MimeKit.WindowsUniversal81.csproj", "{D9906B8C-7BBD-4CCE-AC7C-E9BCA020D20C}"
EndProject
Project("{FAE04EC0-301F-11D3-BF4B-00C04F79EFBC}") = "MailKit.WindowsUniversal81", "MailKit\MailKit.WindowsUniversal81.csproj", "{5C20EB98-8084-41E7-952A-F297C0AAC916}"
EndProject
Global
	GlobalSection(SolutionConfigurationPlatforms) = preSolution
		Debug|Any CPU = Debug|Any CPU
		Release|Any CPU = Release|Any CPU
	EndGlobalSection
	GlobalSection(ProjectConfigurationPlatforms) = postSolution
		{B76A64F9-B00E-4243-AE89-5D024CA3B436}.Debug|Any CPU.ActiveCfg = Debug|Any CPU
		{B76A64F9-B00E-4243-AE89-5D024CA3B436}.Debug|Any CPU.Build.0 = Debug|Any CPU
		{B76A64F9-B00E-4243-AE89-5D024CA3B436}.Release|Any CPU.ActiveCfg = Release|Any CPU
		{B76A64F9-B00E-4243-AE89-5D024CA3B436}.Release|Any CPU.Build.0 = Release|Any CPU
		{D9906B8C-7BBD-4CCE-AC7C-E9BCA020D20C}.Debug|Any CPU.ActiveCfg = Debug|Any CPU
		{D9906B8C-7BBD-4CCE-AC7C-E9BCA020D20C}.Debug|Any CPU.Build.0 = Debug|Any CPU
		{D9906B8C-7BBD-4CCE-AC7C-E9BCA020D20C}.Release|Any CPU.ActiveCfg = Release|Any CPU
		{D9906B8C-7BBD-4CCE-AC7C-E9BCA020D20C}.Release|Any CPU.Build.0 = Release|Any CPU
		{5C20EB98-8084-41E7-952A-F297C0AAC916}.Debug|Any CPU.ActiveCfg = Debug|Any CPU
		{5C20EB98-8084-41E7-952A-F297C0AAC916}.Debug|Any CPU.Build.0 = Debug|Any CPU
		{5C20EB98-8084-41E7-952A-F297C0AAC916}.Release|Any CPU.ActiveCfg = Release|Any CPU
		{5C20EB98-8084-41E7-952A-F297C0AAC916}.Release|Any CPU.Build.0 = Release|Any CPU
	EndGlobalSection
	GlobalSection(SolutionProperties) = preSolution
		HideSolutionNode = FALSE
	EndGlobalSection
	GlobalSection(MonoDevelopProperties) = preSolution
		StartupItem = MailKit\MailKit.csproj
		Policies = $0
		$0.TextStylePolicy = $3
		$1.inheritsSet = null
		$1.scope = text/x-csharp
		$0.CSharpFormattingPolicy = $2
		$2.AlignEmbeddedUsingStatements = False
		$2.AlignEmbeddedIfStatements = False
		$2.NamespaceBraceStyle = EndOfLine
		$2.StructBraceStyle = EndOfLine
		$2.EnumBraceStyle = EndOfLine
		$2.BeforeIndexerDeclarationBracket = False
		$2.AfterDelegateDeclarationParameterComma = True
		$2.BeforeSizeOfParentheses = True
		$2.BeforeTypeOfParentheses = True
		$2.SpacesAfterTypecast = True
		$2.BlankLinesBeforeUsings = 1
		$2.inheritsSet = Mono
		$2.inheritsScope = text/x-csharp
		$2.scope = text/x-csharp
		$3.FileWidth = 120
		$3.TabsToSpaces = False
		$3.EolMarker = Unix
		$3.inheritsSet = VisualStudio
		$3.inheritsScope = text/plain
		$3.scope = text/plain
	EndGlobalSection
EndGlobal
