
Microsoft Visual Studio Solution File, Format Version 12.00
# Visual Studio Version 16
VisualStudioVersion = 16.0.30114.105
MinimumVisualStudioVersion = 10.0.40219.1
Project("{FAE04EC0-301F-11D3-BF4B-00C04F79EFBC}") = "ImapIdle", "ImapIdle\ImapIdle.csproj", "{0265A920-EFF0-49F6-851C-05A4DEDBF573}"
EndProject
Global
	GlobalSection(SolutionConfigurationPlatforms) = preSolution
		Debug|Any CPU = Debug|Any CPU
		Release|Any CPU = Release|Any CPU
	EndGlobalSection
	GlobalSection(ProjectConfigurationPlatforms) = postSolution
		{0265A920-EFF0-49F6-851C-05A4DEDBF573}.Debug|Any CPU.ActiveCfg = Debug|Any CPU
		{0265A920-EFF0-49F6-851C-05A4DEDBF573}.Debug|Any CPU.Build.0 = Debug|Any CPU
		{0265A920-EFF0-49F6-851C-05A4DEDBF573}.Release|Any CPU.ActiveCfg = Release|Any CPU
		{0265A920-EFF0-49F6-851C-05A4DEDBF573}.Release|Any CPU.Build.0 = Release|Any CPU
	EndGlobalSection
	GlobalSection(SolutionProperties) = preSolution
		HideSolutionNode = FALSE
	EndGlobalSection
	GlobalSection(ExtensibilityGlobals) = postSolution
		SolutionGuid = {ED72CAD5-0F24-4F55-9D61-EA444046758D}
	EndGlobalSection
	GlobalSection(MonoDevelopProperties) = preSolution
		StartupItem = ImapIdle\ImapIdle.csproj
	EndGlobalSection
EndGlobal
