
Microsoft Visual Studio Solution File, Format Version 12.00
# Visual Studio 2012
Project("{FAE04EC0-301F-11D3-BF4B-00C04F79EFBC}") = "ImapIdle", "ImapIdle\ImapIdle.csproj", "{0265A920-EFF0-49F6-851C-05A4DEDBF573}"
EndProject
Global
	GlobalSection(SolutionConfigurationPlatforms) = preSolution
		Debug|x86 = Debug|x86
		Release|x86 = Release|x86
	EndGlobalSection
	GlobalSection(ProjectConfigurationPlatforms) = postSolution
		{0265A920-EFF0-49F6-851C-05A4DEDBF573}.Debug|x86.ActiveCfg = Debug|x86
		{0265A920-EFF0-49F6-851C-05A4DEDBF573}.Debug|x86.Build.0 = Debug|x86
		{0265A920-EFF0-49F6-851C-05A4DEDBF573}.Release|x86.ActiveCfg = Release|x86
		{0265A920-EFF0-49F6-851C-05A4DEDBF573}.Release|x86.Build.0 = Release|x86
	EndGlobalSection
	GlobalSection(SolutionProperties) = preSolution
		HideSolutionNode = FALSE
	EndGlobalSection
	GlobalSection(MonoDevelopProperties) = preSolution
		StartupItem = ImapIdle\ImapIdle.csproj
	EndGlobalSection
EndGlobal
