
Microsoft Visual Studio Solution File, Format Version 12.00
# Visual Studio Version 17
VisualStudioVersion = 17.0.31903.59
MinimumVisualStudioVersion = 10.0.40219.1
Project("{FAE04EC0-301F-11D3-BF4B-00C04F79EFBC}") = "ImapClientDemo.iOS", "ImapClientDemo.iOS\ImapClientDemo.iOS.csproj", "{764BD6BF-F53D-43E6-9D25-AD0B506BAFC7}"
EndProject
Global
	GlobalSection(SolutionConfigurationPlatforms) = preSolution
		Debug|Any CPU = Debug|Any CPU
		Release|Any CPU = Release|Any CPU
	EndGlobalSection
	GlobalSection(SolutionProperties) = preSolution
		HideSolutionNode = FALSE
	EndGlobalSection
	GlobalSection(ProjectConfigurationPlatforms) = postSolution
		{764BD6BF-F53D-43E6-9D25-AD0B506BAFC7}.Debug|Any CPU.ActiveCfg = Debug|Any CPU
		{764BD6BF-F53D-43E6-9D25-AD0B506BAFC7}.Debug|Any CPU.Build.0 = Debug|Any CPU
		{764BD6BF-F53D-43E6-9D25-AD0B506BAFC7}.Release|Any CPU.ActiveCfg = Release|Any CPU
		{764BD6BF-F53D-43E6-9D25-AD0B506BAFC7}.Release|Any CPU.Build.0 = Release|Any CPU
	EndGlobalSection
EndGlobal
